
Microsoft Visual Studio Solution File, Format Version 12.00
# Visual Studio Version 17
VisualStudioVersion = 17.4.33213.308
MinimumVisualStudioVersion = 10.0.40219.1
Project("{FAE04EC0-301F-11D3-BF4B-00C04F79EFBC}") = "JazeOrtega", "JazeOrtega\JazeOrtega.csproj", "{37DE06AC-8E36-4F81-9D7E-BBB56478ED2F}"
EndProject
Global
	GlobalSection(SolutionConfigurationPlatforms) = preSolution
		Debug|Any CPU = Debug|Any CPU
		Release|Any CPU = Release|Any CPU
	EndGlobalSection
	GlobalSection(ProjectConfigurationPlatforms) = postSolution
		{37DE06AC-8E36-4F81-9D7E-BBB56478ED2F}.Debug|Any CPU.ActiveCfg = Debug|Any CPU
		{37DE06AC-8E36-4F81-9D7E-BBB56478ED2F}.Debug|Any CPU.Build.0 = Debug|Any CPU
		{37DE06AC-8E36-4F81-9D7E-BBB56478ED2F}.Release|Any CPU.ActiveCfg = Release|Any CPU
		{37DE06AC-8E36-4F81-9D7E-BBB56478ED2F}.Release|Any CPU.Build.0 = Release|Any CPU
	EndGlobalSection
	GlobalSection(SolutionProperties) = preSolution
		HideSolutionNode = FALSE
	EndGlobalSection
	GlobalSection(ExtensibilityGlobals) = postSolution
		SolutionGuid = {E80E2F29-30B4-41AB-B680-75729911FF49}
	EndGlobalSection
EndGlobal
